
Microsoft Visual Studio Solution File, Format Version 12.00
# Visual Studio 15
VisualStudioVersion = 15.0.28307.572
MinimumVisualStudioVersion = 10.0.40219.1
Project("{FAE04EC0-301F-11D3-BF4B-00C04F79EFBC}") = "UI.Desktop", "UI.Desktop\UI.Desktop.csproj", "{AF7961BC-0B70-43CE-85CA-6400D43FB378}"
EndProject
Project("{FAE04EC0-301F-11D3-BF4B-00C04F79EFBC}") = "Business.Entities", "Business.Entities\Business.Entities.csproj", "{F13637E2-2A4E-430B-BE20-E112FBC7D6B3}"
EndProject
Project("{FAE04EC0-301F-11D3-BF4B-00C04F79EFBC}") = "Business.Logic", "Business.Logic\Business.Logic.csproj", "{AC1A8864-2919-4AC1-B02A-ACDF159FC141}"
EndProject
Project("{FAE04EC0-301F-11D3-BF4B-00C04F79EFBC}") = "Util", "Util\Util.csproj", "{F25940A8-25BD-4909-ACB2-D4B0256CD67F}"
EndProject
Project("{FAE04EC0-301F-11D3-BF4B-00C04F79EFBC}") = "UI.Web", "UI.Web\UI.Web.csproj", "{D5682F3D-2317-4C83-B9B1-B2EC087DA5E8}"
EndProject
Project("{FAE04EC0-301F-11D3-BF4B-00C04F79EFBC}") = "Data.Database", "Data.Database\Data.Database\Data.Database.csproj", "{18D1C50F-58E0-4D94-B05B-4A95A146E6BB}"
EndProject
Project("{FAE04EC0-301F-11D3-BF4B-00C04F79EFBC}") = "UI.Consola", "UI.Consola\UI.Consola.csproj", "{125A6A80-1E2C-4B3D-BA31-DC59D9F488C8}"
EndProject
Global
	GlobalSection(SolutionConfigurationPlatforms) = preSolution
		Debug|Any CPU = Debug|Any CPU
		Release|Any CPU = Release|Any CPU
	EndGlobalSection
	GlobalSection(ProjectConfigurationPlatforms) = postSolution
		{AF7961BC-0B70-43CE-85CA-6400D43FB378}.Debug|Any CPU.ActiveCfg = Debug|Any CPU
		{AF7961BC-0B70-43CE-85CA-6400D43FB378}.Debug|Any CPU.Build.0 = Debug|Any CPU
		{AF7961BC-0B70-43CE-85CA-6400D43FB378}.Release|Any CPU.ActiveCfg = Release|Any CPU
		{AF7961BC-0B70-43CE-85CA-6400D43FB378}.Release|Any CPU.Build.0 = Release|Any CPU
		{F13637E2-2A4E-430B-BE20-E112FBC7D6B3}.Debug|Any CPU.ActiveCfg = Debug|Any CPU
		{F13637E2-2A4E-430B-BE20-E112FBC7D6B3}.Debug|Any CPU.Build.0 = Debug|Any CPU
		{F13637E2-2A4E-430B-BE20-E112FBC7D6B3}.Release|Any CPU.ActiveCfg = Release|Any CPU
		{F13637E2-2A4E-430B-BE20-E112FBC7D6B3}.Release|Any CPU.Build.0 = Release|Any CPU
		{AC1A8864-2919-4AC1-B02A-ACDF159FC141}.Debug|Any CPU.ActiveCfg = Debug|Any CPU
		{AC1A8864-2919-4AC1-B02A-ACDF159FC141}.Debug|Any CPU.Build.0 = Debug|Any CPU
		{AC1A8864-2919-4AC1-B02A-ACDF159FC141}.Release|Any CPU.ActiveCfg = Release|Any CPU
		{AC1A8864-2919-4AC1-B02A-ACDF159FC141}.Release|Any CPU.Build.0 = Release|Any CPU
		{F25940A8-25BD-4909-ACB2-D4B0256CD67F}.Debug|Any CPU.ActiveCfg = Debug|Any CPU
		{F25940A8-25BD-4909-ACB2-D4B0256CD67F}.Debug|Any CPU.Build.0 = Debug|Any CPU
		{F25940A8-25BD-4909-ACB2-D4B0256CD67F}.Release|Any CPU.ActiveCfg = Release|Any CPU
		{F25940A8-25BD-4909-ACB2-D4B0256CD67F}.Release|Any CPU.Build.0 = Release|Any CPU
		{D5682F3D-2317-4C83-B9B1-B2EC087DA5E8}.Debug|Any CPU.ActiveCfg = Debug|Any CPU
		{D5682F3D-2317-4C83-B9B1-B2EC087DA5E8}.Debug|Any CPU.Build.0 = Debug|Any CPU
		{D5682F3D-2317-4C83-B9B1-B2EC087DA5E8}.Release|Any CPU.ActiveCfg = Release|Any CPU
		{D5682F3D-2317-4C83-B9B1-B2EC087DA5E8}.Release|Any CPU.Build.0 = Release|Any CPU
		{18D1C50F-58E0-4D94-B05B-4A95A146E6BB}.Debug|Any CPU.ActiveCfg = Debug|Any CPU
		{18D1C50F-58E0-4D94-B05B-4A95A146E6BB}.Debug|Any CPU.Build.0 = Debug|Any CPU
		{18D1C50F-58E0-4D94-B05B-4A95A146E6BB}.Release|Any CPU.ActiveCfg = Release|Any CPU
		{18D1C50F-58E0-4D94-B05B-4A95A146E6BB}.Release|Any CPU.Build.0 = Release|Any CPU
		{125A6A80-1E2C-4B3D-BA31-DC59D9F488C8}.Debug|Any CPU.ActiveCfg = Debug|Any CPU
		{125A6A80-1E2C-4B3D-BA31-DC59D9F488C8}.Debug|Any CPU.Build.0 = Debug|Any CPU
		{125A6A80-1E2C-4B3D-BA31-DC59D9F488C8}.Release|Any CPU.ActiveCfg = Release|Any CPU
		{125A6A80-1E2C-4B3D-BA31-DC59D9F488C8}.Release|Any CPU.Build.0 = Release|Any CPU
	EndGlobalSection
	GlobalSection(SolutionProperties) = preSolution
		HideSolutionNode = FALSE
	EndGlobalSection
	GlobalSection(ExtensibilityGlobals) = postSolution
		SolutionGuid = {5EFB3CE9-B3BC-4105-8777-012D53ED5FA5}
	EndGlobalSection
EndGlobal
